
Microsoft Visual Studio Solution File, Format Version 12.00
# Visual Studio 14
VisualStudioVersion = 14.0.25123.0
MinimumVisualStudioVersion = 10.0.40219.1
Project("{FAE04EC0-301F-11D3-BF4B-00C04F79EFBC}") = "Ybm.Framework", "Ybm.Framework\Ybm.Framework.csproj", "{01842F38-225D-46C6-AE1D-E0BC327AD507}"
EndProject
Project("{FAE04EC0-301F-11D3-BF4B-00C04F79EFBC}") = "Ybm.CodeGenerator", "Ybm.CodeGenerator\Ybm.CodeGenerator.csproj", "{70382751-FB97-4A05-B3D4-D6AB366610A3}"
EndProject
Project("{FAE04EC0-301F-11D3-BF4B-00C04F79EFBC}") = "Ybm.Business", "Ybm.Business\Ybm.Business.csproj", "{B8B33621-8E69-43E6-8CEE-59D9879CDED1}"
EndProject
Project("{FAE04EC0-301F-11D3-BF4B-00C04F79EFBC}") = "Ybm.Common", "Ybm.Common\Ybm.Common.csproj", "{10128F45-4361-4829-BB84-FE34E2D722E5}"
EndProject
Project("{FAE04EC0-301F-11D3-BF4B-00C04F79EFBC}") = "Ybm.UI", "Ybm.UI\Ybm.UI.csproj", "{C749125C-CA80-456B-A22D-BAA67D3028BF}"
EndProject
Project("{2150E333-8FDC-42A3-9474-1A3956D46DE8}") = "AccountingTeam", "AccountingTeam", "{E80D9389-7631-4333-8E8D-25E8BC9D41B4}"
EndProject
Project("{FAE04EC0-301F-11D3-BF4B-00C04F79EFBC}") = "AT.UI", "AT.UI\AT.UI.csproj", "{2285E27E-0A08-47E6-A40E-54B09C72BCDA}"
EndProject
Global
	GlobalSection(SolutionConfigurationPlatforms) = preSolution
		Debug|Any CPU = Debug|Any CPU
		Release|Any CPU = Release|Any CPU
	EndGlobalSection
	GlobalSection(ProjectConfigurationPlatforms) = postSolution
		{01842F38-225D-46C6-AE1D-E0BC327AD507}.Debug|Any CPU.ActiveCfg = Debug|Any CPU
		{01842F38-225D-46C6-AE1D-E0BC327AD507}.Debug|Any CPU.Build.0 = Debug|Any CPU
		{01842F38-225D-46C6-AE1D-E0BC327AD507}.Release|Any CPU.ActiveCfg = Release|Any CPU
		{01842F38-225D-46C6-AE1D-E0BC327AD507}.Release|Any CPU.Build.0 = Release|Any CPU
		{70382751-FB97-4A05-B3D4-D6AB366610A3}.Debug|Any CPU.ActiveCfg = Debug|Any CPU
		{70382751-FB97-4A05-B3D4-D6AB366610A3}.Debug|Any CPU.Build.0 = Debug|Any CPU
		{70382751-FB97-4A05-B3D4-D6AB366610A3}.Release|Any CPU.ActiveCfg = Release|Any CPU
		{70382751-FB97-4A05-B3D4-D6AB366610A3}.Release|Any CPU.Build.0 = Release|Any CPU
		{B8B33621-8E69-43E6-8CEE-59D9879CDED1}.Debug|Any CPU.ActiveCfg = Debug|Any CPU
		{B8B33621-8E69-43E6-8CEE-59D9879CDED1}.Debug|Any CPU.Build.0 = Debug|Any CPU
		{B8B33621-8E69-43E6-8CEE-59D9879CDED1}.Release|Any CPU.ActiveCfg = Release|Any CPU
		{B8B33621-8E69-43E6-8CEE-59D9879CDED1}.Release|Any CPU.Build.0 = Release|Any CPU
		{10128F45-4361-4829-BB84-FE34E2D722E5}.Debug|Any CPU.ActiveCfg = Debug|Any CPU
		{10128F45-4361-4829-BB84-FE34E2D722E5}.Debug|Any CPU.Build.0 = Debug|Any CPU
		{10128F45-4361-4829-BB84-FE34E2D722E5}.Release|Any CPU.ActiveCfg = Release|Any CPU
		{10128F45-4361-4829-BB84-FE34E2D722E5}.Release|Any CPU.Build.0 = Release|Any CPU
		{C749125C-CA80-456B-A22D-BAA67D3028BF}.Debug|Any CPU.ActiveCfg = Debug|Any CPU
		{C749125C-CA80-456B-A22D-BAA67D3028BF}.Debug|Any CPU.Build.0 = Debug|Any CPU
		{C749125C-CA80-456B-A22D-BAA67D3028BF}.Release|Any CPU.ActiveCfg = Release|Any CPU
		{C749125C-CA80-456B-A22D-BAA67D3028BF}.Release|Any CPU.Build.0 = Release|Any CPU
		{453F87AE-B1DB-457F-88F0-AC1C8C4566D3}.Debug|Any CPU.ActiveCfg = Debug|Any CPU
		{453F87AE-B1DB-457F-88F0-AC1C8C4566D3}.Debug|Any CPU.Build.0 = Debug|Any CPU
		{453F87AE-B1DB-457F-88F0-AC1C8C4566D3}.Release|Any CPU.ActiveCfg = Release|Any CPU
		{453F87AE-B1DB-457F-88F0-AC1C8C4566D3}.Release|Any CPU.Build.0 = Release|Any CPU
		{2285E27E-0A08-47E6-A40E-54B09C72BCDA}.Debug|Any CPU.ActiveCfg = Debug|Any CPU
		{2285E27E-0A08-47E6-A40E-54B09C72BCDA}.Debug|Any CPU.Build.0 = Debug|Any CPU
		{2285E27E-0A08-47E6-A40E-54B09C72BCDA}.Release|Any CPU.ActiveCfg = Release|Any CPU
		{2285E27E-0A08-47E6-A40E-54B09C72BCDA}.Release|Any CPU.Build.0 = Release|Any CPU
	EndGlobalSection
	GlobalSection(SolutionProperties) = preSolution
		HideSolutionNode = FALSE
	EndGlobalSection
	GlobalSection(NestedProjects) = preSolution
		{453F87AE-B1DB-457F-88F0-AC1C8C4566D3} = {E80D9389-7631-4333-8E8D-25E8BC9D41B4}
		{2285E27E-0A08-47E6-A40E-54B09C72BCDA} = {E80D9389-7631-4333-8E8D-25E8BC9D41B4}
	EndGlobalSection
EndGlobal
